
Microsoft Visual Studio Solution File, Format Version 12.00
# Visual Studio 15
VisualStudioVersion = 15.0.26124.0
MinimumVisualStudioVersion = 15.0.26124.0
Project("{F2A71F9B-5D33-465A-A702-920D77279786}") = "EventSourcing", "EventSourcing\EventSourcing.fsproj", "{01A11CA8-A657-4FE7-8FBE-B8B83EE8C42A}"
EndProject
Project("{F2A71F9B-5D33-465A-A702-920D77279786}") = "EventSourcingTests", "EventSourcingTests\EventSourcingTests.fsproj", "{1E90612E-4452-418F-821D-16C3FFF67D54}"
EndProject
Global
	GlobalSection(SolutionConfigurationPlatforms) = preSolution
		Debug|Any CPU = Debug|Any CPU
		Debug|x64 = Debug|x64
		Debug|x86 = Debug|x86
		Release|Any CPU = Release|Any CPU
		Release|x64 = Release|x64
		Release|x86 = Release|x86
	EndGlobalSection
	GlobalSection(SolutionProperties) = preSolution
		HideSolutionNode = FALSE
	EndGlobalSection
	GlobalSection(ProjectConfigurationPlatforms) = postSolution
		{01A11CA8-A657-4FE7-8FBE-B8B83EE8C42A}.Debug|Any CPU.ActiveCfg = Debug|Any CPU
		{01A11CA8-A657-4FE7-8FBE-B8B83EE8C42A}.Debug|Any CPU.Build.0 = Debug|Any CPU
		{01A11CA8-A657-4FE7-8FBE-B8B83EE8C42A}.Debug|x64.ActiveCfg = Debug|Any CPU
		{01A11CA8-A657-4FE7-8FBE-B8B83EE8C42A}.Debug|x64.Build.0 = Debug|Any CPU
		{01A11CA8-A657-4FE7-8FBE-B8B83EE8C42A}.Debug|x86.ActiveCfg = Debug|Any CPU
		{01A11CA8-A657-4FE7-8FBE-B8B83EE8C42A}.Debug|x86.Build.0 = Debug|Any CPU
		{01A11CA8-A657-4FE7-8FBE-B8B83EE8C42A}.Release|Any CPU.ActiveCfg = Release|Any CPU
		{01A11CA8-A657-4FE7-8FBE-B8B83EE8C42A}.Release|Any CPU.Build.0 = Release|Any CPU
		{01A11CA8-A657-4FE7-8FBE-B8B83EE8C42A}.Release|x64.ActiveCfg = Release|Any CPU
		{01A11CA8-A657-4FE7-8FBE-B8B83EE8C42A}.Release|x64.Build.0 = Release|Any CPU
		{01A11CA8-A657-4FE7-8FBE-B8B83EE8C42A}.Release|x86.ActiveCfg = Release|Any CPU
		{01A11CA8-A657-4FE7-8FBE-B8B83EE8C42A}.Release|x86.Build.0 = Release|Any CPU
		{1E90612E-4452-418F-821D-16C3FFF67D54}.Debug|Any CPU.ActiveCfg = Debug|Any CPU
		{1E90612E-4452-418F-821D-16C3FFF67D54}.Debug|Any CPU.Build.0 = Debug|Any CPU
		{1E90612E-4452-418F-821D-16C3FFF67D54}.Debug|x64.ActiveCfg = Debug|Any CPU
		{1E90612E-4452-418F-821D-16C3FFF67D54}.Debug|x64.Build.0 = Debug|Any CPU
		{1E90612E-4452-418F-821D-16C3FFF67D54}.Debug|x86.ActiveCfg = Debug|Any CPU
		{1E90612E-4452-418F-821D-16C3FFF67D54}.Debug|x86.Build.0 = Debug|Any CPU
		{1E90612E-4452-418F-821D-16C3FFF67D54}.Release|Any CPU.ActiveCfg = Release|Any CPU
		{1E90612E-4452-418F-821D-16C3FFF67D54}.Release|Any CPU.Build.0 = Release|Any CPU
		{1E90612E-4452-418F-821D-16C3FFF67D54}.Release|x64.ActiveCfg = Release|Any CPU
		{1E90612E-4452-418F-821D-16C3FFF67D54}.Release|x64.Build.0 = Release|Any CPU
		{1E90612E-4452-418F-821D-16C3FFF67D54}.Release|x86.ActiveCfg = Release|Any CPU
		{1E90612E-4452-418F-821D-16C3FFF67D54}.Release|x86.Build.0 = Release|Any CPU
	EndGlobalSection
EndGlobal
